
Microsoft Visual Studio Solution File, Format Version 12.00
# Visual Studio Version 17
VisualStudioVersion = 17.4.33213.308
MinimumVisualStudioVersion = 10.0.40219.1
Project("{9A19103F-16F7-4668-BE54-9A1E7A4F7556}") = "SherCore.BlogServer.Domain", "src\SherCore.BlogServer.Domain\SherCore.BlogServer.Domain.csproj", "{554AD327-6DBA-4F8F-96F8-81CE7A0C863F}"
EndProject
Project("{9A19103F-16F7-4668-BE54-9A1E7A4F7556}") = "SherCore.BlogServer.Application", "src\SherCore.BlogServer.Application\SherCore.BlogServer.Application.csproj", "{1A94A50E-06DC-43C1-80B5-B662820EC3EB}"
EndProject
Project("{9A19103F-16F7-4668-BE54-9A1E7A4F7556}") = "SherCore.BlogServer.EntityFrameworkCore", "src\SherCore.BlogServer.EntityFrameworkCore\SherCore.BlogServer.EntityFrameworkCore.csproj", "{C956DD76-69C8-4A9C-83EA-D17DF83340FD}"
EndProject
Project("{2150E333-8FDC-42A3-9474-1A3956D46DE8}") = "src", "src", "{CA9AC87F-097E-4F15-8393-4BC07735A5B0}"
EndProject
Project("{2150E333-8FDC-42A3-9474-1A3956D46DE8}") = "test", "test", "{04DBDB01-70F4-4E06-B468-8F87850B22BE}"
EndProject
Project("{9A19103F-16F7-4668-BE54-9A1E7A4F7556}") = "SherCore.BlogServer.Application.Tests", "test\SherCore.BlogServer.Application.Tests\SherCore.BlogServer.Application.Tests.csproj", "{50B2631D-129C-47B3-A587-029CCD6099BC}"
EndProject
Project("{9A19103F-16F7-4668-BE54-9A1E7A4F7556}") = "SherCore.BlogServer.Domain.Shared", "src\SherCore.BlogServer.Domain.Shared\SherCore.BlogServer.Domain.Shared.csproj", "{42F719ED-8413-4895-B5B4-5AB56079BC66}"
EndProject
Project("{9A19103F-16F7-4668-BE54-9A1E7A4F7556}") = "SherCore.BlogServer.Application.Contracts", "src\SherCore.BlogServer.Application.Contracts\SherCore.BlogServer.Application.Contracts.csproj", "{520659C8-C734-4298-A3DA-B539DB9DFC0B}"
EndProject
Project("{9A19103F-16F7-4668-BE54-9A1E7A4F7556}") = "SherCore.BlogServer.HttpApi", "src\SherCore.BlogServer.HttpApi\SherCore.BlogServer.HttpApi.csproj", "{4164BDF7-F527-4E85-9CE6-E3C2D7426A27}"
EndProject
Project("{9A19103F-16F7-4668-BE54-9A1E7A4F7556}") = "SherCore.BlogServer.HttpApi.Client", "src\SherCore.BlogServer.HttpApi.Client\SherCore.BlogServer.HttpApi.Client.csproj", "{3B5A0094-670D-4BB1-BFDD-61B88A8773DC}"
EndProject
Project("{9A19103F-16F7-4668-BE54-9A1E7A4F7556}") = "SherCore.BlogServer.EntityFrameworkCore.Tests", "test\SherCore.BlogServer.EntityFrameworkCore.Tests\SherCore.BlogServer.EntityFrameworkCore.Tests.csproj", "{1FE30EB9-74A9-47F5-A9F6-7B1FAB672D81}"
EndProject
Project("{9A19103F-16F7-4668-BE54-9A1E7A4F7556}") = "SherCore.BlogServer.TestBase", "test\SherCore.BlogServer.TestBase\SherCore.BlogServer.TestBase.csproj", "{91853F21-9CD9-4132-BC29-A7D5D84FFFE7}"
EndProject
Project("{9A19103F-16F7-4668-BE54-9A1E7A4F7556}") = "SherCore.BlogServer.Domain.Tests", "test\SherCore.BlogServer.Domain.Tests\SherCore.BlogServer.Domain.Tests.csproj", "{E512F4D9-9375-480F-A2F6-A46509F9D824}"
EndProject
Project("{9A19103F-16F7-4668-BE54-9A1E7A4F7556}") = "SherCore.BlogServer.HttpApi.Client.ConsoleTestApp", "test\SherCore.BlogServer.HttpApi.Client.ConsoleTestApp\SherCore.BlogServer.HttpApi.Client.ConsoleTestApp.csproj", "{EF480016-9127-4916-8735-D2466BDBC582}"
EndProject
Project("{9A19103F-16F7-4668-BE54-9A1E7A4F7556}") = "SherCore.BlogServer.DbMigrator", "src\SherCore.BlogServer.DbMigrator\SherCore.BlogServer.DbMigrator.csproj", "{AA94D832-1CCC-4715-95A9-A483F23A1A5D}"
EndProject
Project("{9A19103F-16F7-4668-BE54-9A1E7A4F7556}") = "SherCore.BlogServer.HttpApi.Host", "src\SherCore.BlogServer.HttpApi.Host\SherCore.BlogServer.HttpApi.Host.csproj", "{748584B1-BA69-4F6A-81AA-F4BDE6BCE29D}"
EndProject
Project("{2150E333-8FDC-42A3-9474-1A3956D46DE8}") = "admin", "admin", "{CB02B9BD-D52C-4C76-80FF-DA7DAEC7F52A}"
EndProject
Project("{2150E333-8FDC-42A3-9474-1A3956D46DE8}") = "domain", "domain", "{0A840C61-8409-4D40-ADF2-F774E7BD5F6B}"
EndProject
Project("{2150E333-8FDC-42A3-9474-1A3956D46DE8}") = "public", "public", "{4D923F92-F52E-44C4-92F6-F3E53532AD16}"
EndProject
Project("{2150E333-8FDC-42A3-9474-1A3956D46DE8}") = "shared", "shared", "{07C3C0D8-97FB-4B4D-AD5C-66F038C2016B}"
EndProject
Project("{9A19103F-16F7-4668-BE54-9A1E7A4F7556}") = "SherCore.BlogServer.Application.Contracts.Shared", "src\SherCore.BlogServer.Application.Contracts.Shared\SherCore.BlogServer.Application.Contracts.Shared.csproj", "{F1E90D14-B7BF-495C-B7A7-AA0EBE0E320A}"
EndProject
Project("{9A19103F-16F7-4668-BE54-9A1E7A4F7556}") = "SherCore.BlogServer.Admin.Application", "src\SherCore.BlogServer.Admin.Application\SherCore.BlogServer.Admin.Application.csproj", "{A65C5300-D85A-421F-87AC-E5BC584821F2}"
EndProject
Project("{9A19103F-16F7-4668-BE54-9A1E7A4F7556}") = "SherCore.BlogServer.Admin.Application.Contracts", "src\SherCore.BlogServer.Admin.Application.Contracts\SherCore.BlogServer.Admin.Application.Contracts.csproj", "{5D71DA33-F473-4233-AD4A-D650D6B4D111}"
EndProject
Project("{9A19103F-16F7-4668-BE54-9A1E7A4F7556}") = "SherCore.BlogServer.Admin.HttpApi", "src\SherCore.BlogServer.Admin.HttpApi\SherCore.BlogServer.Admin.HttpApi.csproj", "{14454C4C-B6C7-45A0-A73D-BCC6CB2BE46D}"
EndProject
Project("{9A19103F-16F7-4668-BE54-9A1E7A4F7556}") = "SherCore.BlogServer.Admin.HttpApi.Client", "src\SherCore.BlogServer.Admin.HttpApi.Client\SherCore.BlogServer.Admin.HttpApi.Client.csproj", "{346693AA-CD22-4A5C-8EA2-8A9B40B47509}"
EndProject
Project("{9A19103F-16F7-4668-BE54-9A1E7A4F7556}") = "SherCore.BlogServer.Admin.HttpApi.Host", "src\SherCore.BlogServer.Admin.HttpApi.Host\SherCore.BlogServer.Admin.HttpApi.Host.csproj", "{8FFFDA2F-815D-44B0-8601-13347F66072A}"
EndProject
Global
	GlobalSection(SolutionConfigurationPlatforms) = preSolution
		Debug|Any CPU = Debug|Any CPU
		Release|Any CPU = Release|Any CPU
	EndGlobalSection
	GlobalSection(ProjectConfigurationPlatforms) = postSolution
		{554AD327-6DBA-4F8F-96F8-81CE7A0C863F}.Debug|Any CPU.ActiveCfg = Debug|Any CPU
		{554AD327-6DBA-4F8F-96F8-81CE7A0C863F}.Debug|Any CPU.Build.0 = Debug|Any CPU
		{554AD327-6DBA-4F8F-96F8-81CE7A0C863F}.Release|Any CPU.ActiveCfg = Release|Any CPU
		{554AD327-6DBA-4F8F-96F8-81CE7A0C863F}.Release|Any CPU.Build.0 = Release|Any CPU
		{1A94A50E-06DC-43C1-80B5-B662820EC3EB}.Debug|Any CPU.ActiveCfg = Debug|Any CPU
		{1A94A50E-06DC-43C1-80B5-B662820EC3EB}.Debug|Any CPU.Build.0 = Debug|Any CPU
		{1A94A50E-06DC-43C1-80B5-B662820EC3EB}.Release|Any CPU.ActiveCfg = Release|Any CPU
		{1A94A50E-06DC-43C1-80B5-B662820EC3EB}.Release|Any CPU.Build.0 = Release|Any CPU
		{C956DD76-69C8-4A9C-83EA-D17DF83340FD}.Debug|Any CPU.ActiveCfg = Debug|Any CPU
		{C956DD76-69C8-4A9C-83EA-D17DF83340FD}.Debug|Any CPU.Build.0 = Debug|Any CPU
		{C956DD76-69C8-4A9C-83EA-D17DF83340FD}.Release|Any CPU.ActiveCfg = Release|Any CPU
		{C956DD76-69C8-4A9C-83EA-D17DF83340FD}.Release|Any CPU.Build.0 = Release|Any CPU
		{50B2631D-129C-47B3-A587-029CCD6099BC}.Debug|Any CPU.ActiveCfg = Debug|Any CPU
		{50B2631D-129C-47B3-A587-029CCD6099BC}.Debug|Any CPU.Build.0 = Debug|Any CPU
		{50B2631D-129C-47B3-A587-029CCD6099BC}.Release|Any CPU.ActiveCfg = Release|Any CPU
		{50B2631D-129C-47B3-A587-029CCD6099BC}.Release|Any CPU.Build.0 = Release|Any CPU
		{42F719ED-8413-4895-B5B4-5AB56079BC66}.Debug|Any CPU.ActiveCfg = Debug|Any CPU
		{42F719ED-8413-4895-B5B4-5AB56079BC66}.Debug|Any CPU.Build.0 = Debug|Any CPU
		{42F719ED-8413-4895-B5B4-5AB56079BC66}.Release|Any CPU.ActiveCfg = Release|Any CPU
		{42F719ED-8413-4895-B5B4-5AB56079BC66}.Release|Any CPU.Build.0 = Release|Any CPU
		{520659C8-C734-4298-A3DA-B539DB9DFC0B}.Debug|Any CPU.ActiveCfg = Debug|Any CPU
		{520659C8-C734-4298-A3DA-B539DB9DFC0B}.Debug|Any CPU.Build.0 = Debug|Any CPU
		{520659C8-C734-4298-A3DA-B539DB9DFC0B}.Release|Any CPU.ActiveCfg = Release|Any CPU
		{520659C8-C734-4298-A3DA-B539DB9DFC0B}.Release|Any CPU.Build.0 = Release|Any CPU
		{4164BDF7-F527-4E85-9CE6-E3C2D7426A27}.Debug|Any CPU.ActiveCfg = Debug|Any CPU
		{4164BDF7-F527-4E85-9CE6-E3C2D7426A27}.Debug|Any CPU.Build.0 = Debug|Any CPU
		{4164BDF7-F527-4E85-9CE6-E3C2D7426A27}.Release|Any CPU.ActiveCfg = Release|Any CPU
		{4164BDF7-F527-4E85-9CE6-E3C2D7426A27}.Release|Any CPU.Build.0 = Release|Any CPU
		{3B5A0094-670D-4BB1-BFDD-61B88A8773DC}.Debug|Any CPU.ActiveCfg = Debug|Any CPU
		{3B5A0094-670D-4BB1-BFDD-61B88A8773DC}.Debug|Any CPU.Build.0 = Debug|Any CPU
		{3B5A0094-670D-4BB1-BFDD-61B88A8773DC}.Release|Any CPU.ActiveCfg = Release|Any CPU
		{3B5A0094-670D-4BB1-BFDD-61B88A8773DC}.Release|Any CPU.Build.0 = Release|Any CPU
		{1FE30EB9-74A9-47F5-A9F6-7B1FAB672D81}.Debug|Any CPU.ActiveCfg = Debug|Any CPU
		{1FE30EB9-74A9-47F5-A9F6-7B1FAB672D81}.Debug|Any CPU.Build.0 = Debug|Any CPU
		{1FE30EB9-74A9-47F5-A9F6-7B1FAB672D81}.Release|Any CPU.ActiveCfg = Release|Any CPU
		{1FE30EB9-74A9-47F5-A9F6-7B1FAB672D81}.Release|Any CPU.Build.0 = Release|Any CPU
		{91853F21-9CD9-4132-BC29-A7D5D84FFFE7}.Debug|Any CPU.ActiveCfg = Debug|Any CPU
		{91853F21-9CD9-4132-BC29-A7D5D84FFFE7}.Debug|Any CPU.Build.0 = Debug|Any CPU
		{91853F21-9CD9-4132-BC29-A7D5D84FFFE7}.Release|Any CPU.ActiveCfg = Release|Any CPU
		{91853F21-9CD9-4132-BC29-A7D5D84FFFE7}.Release|Any CPU.Build.0 = Release|Any CPU
		{E512F4D9-9375-480F-A2F6-A46509F9D824}.Debug|Any CPU.ActiveCfg = Debug|Any CPU
		{E512F4D9-9375-480F-A2F6-A46509F9D824}.Debug|Any CPU.Build.0 = Debug|Any CPU
		{E512F4D9-9375-480F-A2F6-A46509F9D824}.Release|Any CPU.ActiveCfg = Release|Any CPU
		{E512F4D9-9375-480F-A2F6-A46509F9D824}.Release|Any CPU.Build.0 = Release|Any CPU
		{EF480016-9127-4916-8735-D2466BDBC582}.Debug|Any CPU.ActiveCfg = Debug|Any CPU
		{EF480016-9127-4916-8735-D2466BDBC582}.Debug|Any CPU.Build.0 = Debug|Any CPU
		{EF480016-9127-4916-8735-D2466BDBC582}.Release|Any CPU.ActiveCfg = Release|Any CPU
		{EF480016-9127-4916-8735-D2466BDBC582}.Release|Any CPU.Build.0 = Release|Any CPU
		{AA94D832-1CCC-4715-95A9-A483F23A1A5D}.Debug|Any CPU.ActiveCfg = Debug|Any CPU
		{AA94D832-1CCC-4715-95A9-A483F23A1A5D}.Debug|Any CPU.Build.0 = Debug|Any CPU
		{AA94D832-1CCC-4715-95A9-A483F23A1A5D}.Release|Any CPU.ActiveCfg = Release|Any CPU
		{AA94D832-1CCC-4715-95A9-A483F23A1A5D}.Release|Any CPU.Build.0 = Release|Any CPU
		{748584B1-BA69-4F6A-81AA-F4BDE6BCE29D}.Debug|Any CPU.ActiveCfg = Debug|Any CPU
		{748584B1-BA69-4F6A-81AA-F4BDE6BCE29D}.Debug|Any CPU.Build.0 = Debug|Any CPU
		{748584B1-BA69-4F6A-81AA-F4BDE6BCE29D}.Release|Any CPU.ActiveCfg = Release|Any CPU
		{748584B1-BA69-4F6A-81AA-F4BDE6BCE29D}.Release|Any CPU.Build.0 = Release|Any CPU
		{F1E90D14-B7BF-495C-B7A7-AA0EBE0E320A}.Debug|Any CPU.ActiveCfg = Debug|Any CPU
		{F1E90D14-B7BF-495C-B7A7-AA0EBE0E320A}.Debug|Any CPU.Build.0 = Debug|Any CPU
		{F1E90D14-B7BF-495C-B7A7-AA0EBE0E320A}.Release|Any CPU.ActiveCfg = Release|Any CPU
		{F1E90D14-B7BF-495C-B7A7-AA0EBE0E320A}.Release|Any CPU.Build.0 = Release|Any CPU
		{A65C5300-D85A-421F-87AC-E5BC584821F2}.Debug|Any CPU.ActiveCfg = Debug|Any CPU
		{A65C5300-D85A-421F-87AC-E5BC584821F2}.Debug|Any CPU.Build.0 = Debug|Any CPU
		{A65C5300-D85A-421F-87AC-E5BC584821F2}.Release|Any CPU.ActiveCfg = Release|Any CPU
		{A65C5300-D85A-421F-87AC-E5BC584821F2}.Release|Any CPU.Build.0 = Release|Any CPU
		{5D71DA33-F473-4233-AD4A-D650D6B4D111}.Debug|Any CPU.ActiveCfg = Debug|Any CPU
		{5D71DA33-F473-4233-AD4A-D650D6B4D111}.Debug|Any CPU.Build.0 = Debug|Any CPU
		{5D71DA33-F473-4233-AD4A-D650D6B4D111}.Release|Any CPU.ActiveCfg = Release|Any CPU
		{5D71DA33-F473-4233-AD4A-D650D6B4D111}.Release|Any CPU.Build.0 = Release|Any CPU
		{14454C4C-B6C7-45A0-A73D-BCC6CB2BE46D}.Debug|Any CPU.ActiveCfg = Debug|Any CPU
		{14454C4C-B6C7-45A0-A73D-BCC6CB2BE46D}.Debug|Any CPU.Build.0 = Debug|Any CPU
		{14454C4C-B6C7-45A0-A73D-BCC6CB2BE46D}.Release|Any CPU.ActiveCfg = Release|Any CPU
		{14454C4C-B6C7-45A0-A73D-BCC6CB2BE46D}.Release|Any CPU.Build.0 = Release|Any CPU
		{346693AA-CD22-4A5C-8EA2-8A9B40B47509}.Debug|Any CPU.ActiveCfg = Debug|Any CPU
		{346693AA-CD22-4A5C-8EA2-8A9B40B47509}.Debug|Any CPU.Build.0 = Debug|Any CPU
		{346693AA-CD22-4A5C-8EA2-8A9B40B47509}.Release|Any CPU.ActiveCfg = Release|Any CPU
		{346693AA-CD22-4A5C-8EA2-8A9B40B47509}.Release|Any CPU.Build.0 = Release|Any CPU
		{8FFFDA2F-815D-44B0-8601-13347F66072A}.Debug|Any CPU.ActiveCfg = Debug|Any CPU
		{8FFFDA2F-815D-44B0-8601-13347F66072A}.Debug|Any CPU.Build.0 = Debug|Any CPU
		{8FFFDA2F-815D-44B0-8601-13347F66072A}.Release|Any CPU.ActiveCfg = Release|Any CPU
		{8FFFDA2F-815D-44B0-8601-13347F66072A}.Release|Any CPU.Build.0 = Release|Any CPU
	EndGlobalSection
	GlobalSection(SolutionProperties) = preSolution
		HideSolutionNode = FALSE
	EndGlobalSection
	GlobalSection(NestedProjects) = preSolution
		{554AD327-6DBA-4F8F-96F8-81CE7A0C863F} = {0A840C61-8409-4D40-ADF2-F774E7BD5F6B}
		{1A94A50E-06DC-43C1-80B5-B662820EC3EB} = {4D923F92-F52E-44C4-92F6-F3E53532AD16}
		{C956DD76-69C8-4A9C-83EA-D17DF83340FD} = {0A840C61-8409-4D40-ADF2-F774E7BD5F6B}
		{50B2631D-129C-47B3-A587-029CCD6099BC} = {04DBDB01-70F4-4E06-B468-8F87850B22BE}
		{42F719ED-8413-4895-B5B4-5AB56079BC66} = {0A840C61-8409-4D40-ADF2-F774E7BD5F6B}
		{520659C8-C734-4298-A3DA-B539DB9DFC0B} = {4D923F92-F52E-44C4-92F6-F3E53532AD16}
		{4164BDF7-F527-4E85-9CE6-E3C2D7426A27} = {4D923F92-F52E-44C4-92F6-F3E53532AD16}
		{3B5A0094-670D-4BB1-BFDD-61B88A8773DC} = {4D923F92-F52E-44C4-92F6-F3E53532AD16}
		{1FE30EB9-74A9-47F5-A9F6-7B1FAB672D81} = {04DBDB01-70F4-4E06-B468-8F87850B22BE}
		{91853F21-9CD9-4132-BC29-A7D5D84FFFE7} = {04DBDB01-70F4-4E06-B468-8F87850B22BE}
		{E512F4D9-9375-480F-A2F6-A46509F9D824} = {04DBDB01-70F4-4E06-B468-8F87850B22BE}
		{EF480016-9127-4916-8735-D2466BDBC582} = {04DBDB01-70F4-4E06-B468-8F87850B22BE}
		{AA94D832-1CCC-4715-95A9-A483F23A1A5D} = {0A840C61-8409-4D40-ADF2-F774E7BD5F6B}
		{748584B1-BA69-4F6A-81AA-F4BDE6BCE29D} = {4D923F92-F52E-44C4-92F6-F3E53532AD16}
		{CB02B9BD-D52C-4C76-80FF-DA7DAEC7F52A} = {CA9AC87F-097E-4F15-8393-4BC07735A5B0}
		{0A840C61-8409-4D40-ADF2-F774E7BD5F6B} = {CA9AC87F-097E-4F15-8393-4BC07735A5B0}
		{4D923F92-F52E-44C4-92F6-F3E53532AD16} = {CA9AC87F-097E-4F15-8393-4BC07735A5B0}
		{07C3C0D8-97FB-4B4D-AD5C-66F038C2016B} = {CA9AC87F-097E-4F15-8393-4BC07735A5B0}
		{F1E90D14-B7BF-495C-B7A7-AA0EBE0E320A} = {07C3C0D8-97FB-4B4D-AD5C-66F038C2016B}
		{A65C5300-D85A-421F-87AC-E5BC584821F2} = {CB02B9BD-D52C-4C76-80FF-DA7DAEC7F52A}
		{5D71DA33-F473-4233-AD4A-D650D6B4D111} = {CB02B9BD-D52C-4C76-80FF-DA7DAEC7F52A}
		{14454C4C-B6C7-45A0-A73D-BCC6CB2BE46D} = {CB02B9BD-D52C-4C76-80FF-DA7DAEC7F52A}
		{346693AA-CD22-4A5C-8EA2-8A9B40B47509} = {CB02B9BD-D52C-4C76-80FF-DA7DAEC7F52A}
		{8FFFDA2F-815D-44B0-8601-13347F66072A} = {CB02B9BD-D52C-4C76-80FF-DA7DAEC7F52A}
	EndGlobalSection
	GlobalSection(ExtensibilityGlobals) = postSolution
		SolutionGuid = {28315BFD-90E7-4E14-A2EA-F3D23AF4126F}
	EndGlobalSection
EndGlobal
